{
    "_readme": [
        "This file locks the dependencies of your project to a known state",
        "Read more about it at https://getcomposer.org/doc/01-basic-usage.md#installing-dependencies",
        "This file is @generated automatically"
    ],
    "content-hash": "0995f8f813a26e703286451e76191470",
    "packages": [
        {
            "name": "amphp/amp",
            "version": "v2.4.1",
            "source": {
                "type": "git",
                "url": "https://github.com/amphp/amp.git",
                "reference": "2ac3b550c4997f2ec304faa63c8b2885079a2dc4"
            },
            "dist": {
                "type": "zip",
                "url": "https://api.github.com/repos/amphp/amp/zipball/2ac3b550c4997f2ec304faa63c8b2885079a2dc4",
                "reference": "2ac3b550c4997f2ec304faa63c8b2885079a2dc4",
                "shasum": ""
            },
            "require": {
                "php": ">=7"
            },
            "require-dev": {
                "amphp/php-cs-fixer-config": "dev-master",
                "amphp/phpunit-util": "^1",
                "ext-json": "*",
                "phpstan/phpstan": "^0.8.5",
                "phpunit/phpunit": "^6.0.9 | ^7",
                "react/promise": "^2"
            },
            "type": "library",
            "extra": {
                "branch-alias": {
                    "dev-master": "2.0.x-dev"
                }
            },
            "autoload": {
                "psr-4": {
                    "Amp\\": "lib"
                },
                "files": [
                    "lib/functions.php",
                    "lib/Internal/functions.php"
                ]
            },
            "notification-url": "https://packagist.org/downloads/",
            "license": [
                "MIT"
            ],
            "authors": [
                {
                    "name": "Daniel Lowrey",
                    "email": "rdlowrey@php.net"
                },
                {
                    "name": "Aaron Piotrowski",
                    "email": "aaron@trowski.com"
                },
                {
                    "name": "Bob Weinand",
                    "email": "bobwei9@hotmail.com"
                },
                {
                    "name": "Niklas Keller",
                    "email": "me@kelunik.com"
                }
            ],
            "description": "A non-blocking concurrency framework for PHP applications.",
            "homepage": "http://amphp.org/amp",
            "keywords": [
                "async",
                "asynchronous",
                "awaitable",
                "concurrency",
                "event",
                "event-loop",
                "future",
                "non-blocking",
                "promise"
            ],
            "time": "2020-02-10T18:10:57+00:00"
        },
        {
            "name": "amphp/artax",
            "version": "v3.0.14",
            "source": {
                "type": "git",
                "url": "https://github.com/amphp/artax.git",
                "reference": "84ba8e2014a81e399541f3dc3a6352bab09c980c"
            },
            "dist": {
                "type": "zip",
                "url": "https://api.github.com/repos/amphp/artax/zipball/84ba8e2014a81e399541f3dc3a6352bab09c980c",
                "reference": "84ba8e2014a81e399541f3dc3a6352bab09c980c",
                "shasum": ""
            },
            "require": {
                "amphp/amp": "^2",
                "amphp/byte-stream": "^1.1.6",
                "amphp/file": "^0.2 || ^0.3",
                "amphp/socket": "^0.10.5",
                "amphp/uri": "^0.1",
                "kelunik/certificate": "^1.1",
                "php": ">=7.0"
            },
            "require-dev": {
                "amphp/phpunit-util": "^1",
                "friendsofphp/php-cs-fixer": "^2.3",
                "phpunit/phpunit": "^6"
            },
            "type": "library",
            "autoload": {
                "psr-4": {
                    "Amp\\Artax\\": "lib"
                }
            },
            "notification-url": "https://packagist.org/downloads/",
            "license": [
                "MIT"
            ],
            "authors": [
                {
                    "name": "Niklas Keller",
                    "email": "me@kelunik.com"
                },
                {
                    "name": "Daniel Lowrey",
                    "email": "rdlowrey@gmail.com"
                }
            ],
            "description": "Asynchronous parallel HTTP/1.1 client built on the Amp concurrency framework",
            "homepage": "https://github.com/amphp/artax",
            "keywords": [
                "async",
                "client",
                "http",
                "non-blocking",
                "parallel",
                "rest"
            ],
            "time": "2018-02-01T20:29:48+00:00"
        },
        {
            "name": "amphp/byte-stream",
            "version": "v1.7.2",
            "source": {
                "type": "git",
                "url": "https://github.com/amphp/byte-stream.git",
                "reference": "1e52f1752b2e20e2a7e464476ef887a2388e3832"
            },
            "dist": {
                "type": "zip",
                "url": "https://api.github.com/repos/amphp/byte-stream/zipball/1e52f1752b2e20e2a7e464476ef887a2388e3832",
                "reference": "1e52f1752b2e20e2a7e464476ef887a2388e3832",
                "shasum": ""
            },
            "require": {
                "amphp/amp": "^2"
            },
            "require-dev": {
                "amphp/php-cs-fixer-config": "dev-master",
                "amphp/phpunit-util": "^1",
                "friendsofphp/php-cs-fixer": "^2.3",
                "infection/infection": "^0.9.3",
                "phpunit/phpunit": "^6"
            },
            "type": "library",
            "autoload": {
                "psr-4": {
                    "Amp\\ByteStream\\": "lib"
                },
                "files": [
                    "lib/functions.php"
                ]
            },
            "notification-url": "https://packagist.org/downloads/",
            "license": [
                "MIT"
            ],
            "authors": [
                {
                    "name": "Aaron Piotrowski",
                    "email": "aaron@trowski.com"
                },
                {
                    "name": "Niklas Keller",
                    "email": "me@kelunik.com"
                }
            ],
            "description": "A stream abstraction to make working with non-blocking I/O simple.",
            "homepage": "http://amphp.org/byte-stream",
            "keywords": [
                "amp",
                "amphp",
                "async",
                "io",
                "non-blocking",
                "stream"
            ],
            "time": "2020-01-29T18:22:23+00:00"
        },
        {
            "name": "amphp/cache",
            "version": "v1.3.0",
            "source": {
                "type": "git",
                "url": "https://github.com/amphp/cache.git",
                "reference": "14d9fa01a2518eda31b10a421660b41a55249736"
            },
            "dist": {
                "type": "zip",
                "url": "https://api.github.com/repos/amphp/cache/zipball/14d9fa01a2518eda31b10a421660b41a55249736",
                "reference": "14d9fa01a2518eda31b10a421660b41a55249736",
                "shasum": ""
            },
            "require": {
                "amphp/amp": "^2",
                "amphp/sync": "^1.2",
                "php": ">=7.1"
            },
            "conflict": {
                "amphp/file": "<0.2 || >=2"
            },
            "require-dev": {
                "amphp/file": "^1.0",
                "amphp/php-cs-fixer-config": "dev-master",
                "amphp/phpunit-util": "^1",
                "phpunit/phpunit": "^6 | ^7 | ^8"
            },
            "type": "library",
            "autoload": {
                "psr-4": {
                    "Amp\\Cache\\": "lib"
                }
            },
            "notification-url": "https://packagist.org/downloads/",
            "license": [
                "MIT"
            ],
            "authors": [
                {
                    "name": "Niklas Keller",
                    "email": "me@kelunik.com"
                },
                {
                    "name": "Daniel Lowrey",
                    "email": "rdlowrey@php.net"
                }
            ],
            "description": "A promise-aware caching API for Amp.",
            "homepage": "https://github.com/amphp/cache",
            "time": "2019-11-29T18:47:04+00:00"
        },
        {
            "name": "amphp/dns",
            "version": "v0.9.15",
            "source": {
                "type": "git",
                "url": "https://github.com/amphp/dns.git",
                "reference": "2a3e7376f42b289230c0921aceaec5bbf253299d"
            },
            "dist": {
                "type": "zip",
                "url": "https://api.github.com/repos/amphp/dns/zipball/2a3e7376f42b289230c0921aceaec5bbf253299d",
                "reference": "2a3e7376f42b289230c0921aceaec5bbf253299d",
                "shasum": ""
            },
            "require": {
                "amphp/amp": "^2",
                "amphp/byte-stream": "^1.1",
                "amphp/cache": "^1.2",
                "amphp/parser": "^1",
                "amphp/windows-registry": "^0.3",
                "daverandom/libdns": "^2.0.1",
                "ext-filter": "*",
                "php": ">=7.0"
            },
            "require-dev": {
                "amphp/php-cs-fixer-config": "dev-master",
                "amphp/phpunit-util": "^1",
                "phpunit/phpunit": "^6"
            },
            "type": "library",
            "autoload": {
                "psr-4": {
                    "Amp\\Dns\\": "lib"
                },
                "files": [
                    "lib/functions.php"
                ]
            },
            "notification-url": "https://packagist.org/downloads/",
            "license": [
                "MIT"
            ],
            "authors": [
                {
                    "name": "Bob Weinand",
                    "email": "bobwei9@hotmail.com"
                },
                {
                    "name": "Niklas Keller",
                    "email": "me@kelunik.com"
                },
                {
                    "name": "Daniel Lowrey",
                    "email": "rdlowrey@php.net"
                },
                {
                    "name": "Chris Wright",
                    "email": "addr@daverandom.com"
                },
                {
                    "name": "Aaron Piotrowski",
                    "email": "aaron@trowski.com"
                }
            ],
            "description": "Async DNS resolution for Amp.",
            "homepage": "https://github.com/amphp/dns",
            "keywords": [
                "amp",
                "amphp",
                "async",
                "client",
                "dns",
                "resolve"
            ],
            "time": "2019-07-08T20:58:50+00:00"
        },
        {
            "name": "amphp/file",
            "version": "v0.3.5",
            "source": {
                "type": "git",
                "url": "https://github.com/amphp/file.git",
                "reference": "ba57064e7c0cbcae89429afb2ba93b8f31bd7fc8"
            },
            "dist": {
                "type": "zip",
                "url": "https://api.github.com/repos/amphp/file/zipball/ba57064e7c0cbcae89429afb2ba93b8f31bd7fc8",
                "reference": "ba57064e7c0cbcae89429afb2ba93b8f31bd7fc8",
                "shasum": ""
            },
            "require": {
                "amphp/amp": "^2",
                "amphp/byte-stream": "^1",
                "amphp/parallel": "^1"
            },
            "require-dev": {
                "amphp/php-cs-fixer-config": "dev-master",
                "amphp/phpunit-util": "^1",
                "phpunit/phpunit": "^6"
            },
            "type": "library",
            "autoload": {
                "psr-4": {
                    "Amp\\File\\": "lib"
                },
                "files": [
                    "lib/functions.php"
                ]
            },
            "notification-url": "https://packagist.org/downloads/",
            "license": [
                "MIT"
            ],
            "authors": [
                {
                    "name": "Niklas Keller",
                    "email": "me@kelunik.com"
                },
                {
                    "name": "Daniel Lowrey",
                    "email": "rdlowrey@php.net"
                },
                {
                    "name": "Aaron Piotrowski",
                    "email": "aaron@trowski.com"
                }
            ],
            "description": "Allows non-blocking access to the filesystem for Amp.",
            "homepage": "https://github.com/amphp/file",
            "keywords": [
                "amp",
                "amphp",
                "async",
                "disk",
                "file",
                "filesystem",
                "io",
                "non-blocking",
                "static"
            ],
            "time": "2019-03-01T16:38:04+00:00"
        },
        {
            "name": "amphp/parallel",
            "version": "v1.2.0",
            "source": {
                "type": "git",
                "url": "https://github.com/amphp/parallel.git",
                "reference": "53aa422eaf89a539b4df58284f7bdf5219e37f66"
            },
            "dist": {
                "type": "zip",
                "url": "https://api.github.com/repos/amphp/parallel/zipball/53aa422eaf89a539b4df58284f7bdf5219e37f66",
                "reference": "53aa422eaf89a539b4df58284f7bdf5219e37f66",
                "shasum": ""
            },
            "require": {
                "amphp/amp": "^2",
                "amphp/byte-stream": "^1.5",
                "amphp/parser": "^1",
                "amphp/process": "^1",
                "amphp/sync": "^1.0.1"
            },
            "require-dev": {
                "amphp/php-cs-fixer-config": "dev-master",
                "amphp/phpunit-util": "^1",
                "phpunit/phpunit": "^6"
            },
            "type": "library",
            "autoload": {
                "psr-4": {
                    "Amp\\Parallel\\": "lib"
                },
                "files": [
                    "lib/Worker/functions.php"
                ]
            },
            "notification-url": "https://packagist.org/downloads/",
            "license": [
                "MIT"
            ],
            "authors": [
                {
                    "name": "Stephen Coakley",
                    "email": "me@stephencoakley.com"
                },
                {
                    "name": "Aaron Piotrowski",
                    "email": "aaron@trowski.com"
                }
            ],
            "description": "Parallel processing component for Amp.",
            "homepage": "https://github.com/amphp/parallel",
            "keywords": [
                "async",
                "asynchronous",
                "concurrent",
                "multi-processing",
                "multi-threading"
            ],
            "time": "2019-05-11T17:13:47+00:00"
        },
        {
            "name": "amphp/parser",
            "version": "v1.0.0",
            "source": {
                "type": "git",
                "url": "https://github.com/amphp/parser.git",
                "reference": "f83e68f03d5b8e8e0365b8792985a7f341c57ae1"
            },
            "dist": {
                "type": "zip",
                "url": "https://api.github.com/repos/amphp/parser/zipball/f83e68f03d5b8e8e0365b8792985a7f341c57ae1",
                "reference": "f83e68f03d5b8e8e0365b8792985a7f341c57ae1",
                "shasum": ""
            },
            "require": {
                "php": ">=7"
            },
            "require-dev": {
                "friendsofphp/php-cs-fixer": "^2.3",
                "phpunit/phpunit": "^6"
            },
            "type": "library",
            "autoload": {
                "psr-4": {
                    "Amp\\Parser\\": "lib"
                }
            },
            "notification-url": "https://packagist.org/downloads/",
            "license": [
                "MIT"
            ],
            "authors": [
                {
                    "name": "Niklas Keller",
                    "email": "me@kelunik.com"
                },
                {
                    "name": "Aaron Piotrowski",
                    "email": "aaron@trowski.com"
                }
            ],
            "description": "A generator parser to make streaming parsers simple.",
            "homepage": "https://github.com/amphp/parser",
            "keywords": [
                "async",
                "non-blocking",
                "parser",
                "stream"
            ],
            "time": "2017-06-06T05:29:10+00:00"
        },
        {
            "name": "amphp/process",
            "version": "v1.1.0",
            "source": {
                "type": "git",
                "url": "https://github.com/amphp/process.git",
                "reference": "355b1e561b01c16ab3d78fada1ad47ccc96df70e"
            },
            "dist": {
                "type": "zip",
                "url": "https://api.github.com/repos/amphp/process/zipball/355b1e561b01c16ab3d78fada1ad47ccc96df70e",
                "reference": "355b1e561b01c16ab3d78fada1ad47ccc96df70e",
                "shasum": ""
            },
            "require": {
                "amphp/amp": "^2",
                "amphp/byte-stream": "^1.4",
                "php": ">=7"
            },
            "require-dev": {
                "amphp/php-cs-fixer-config": "dev-master",
                "amphp/phpunit-util": "^1",
                "phpunit/phpunit": "^6"
            },
            "type": "library",
            "autoload": {
                "psr-4": {
                    "Amp\\Process\\": "lib"
                },
                "files": [
                    "lib/functions.php"
                ]
            },
            "notification-url": "https://packagist.org/downloads/",
            "license": [
                "MIT"
            ],
            "authors": [
                {
                    "name": "Bob Weinand",
                    "email": "bobwei9@hotmail.com"
                },
                {
                    "name": "Niklas Keller",
                    "email": "me@kelunik.com"
                },
                {
                    "name": "Aaron Piotrowski",
                    "email": "aaron@trowski.com"
                }
            ],
            "description": "Asynchronous process manager.",
            "homepage": "https://github.com/amphp/process",
            "time": "2019-02-26T16:33:03+00:00"
        },
        {
            "name": "amphp/socket",
            "version": "v0.10.13",
            "source": {
                "type": "git",
                "url": "https://github.com/amphp/socket.git",
                "reference": "d84f6e09675488a52fb6ff5e2d53ecc5d587667a"
            },
            "dist": {
                "type": "zip",
                "url": "https://api.github.com/repos/amphp/socket/zipball/d84f6e09675488a52fb6ff5e2d53ecc5d587667a",
                "reference": "d84f6e09675488a52fb6ff5e2d53ecc5d587667a",
                "shasum": ""
            },
            "require": {
                "amphp/amp": "^2",
                "amphp/byte-stream": "^1.1",
                "amphp/dns": "^0.9",
                "amphp/uri": "^0.1",
                "php": ">=7.0"
            },
            "require-dev": {
                "amphp/phpunit-util": "^1",
                "friendsofphp/php-cs-fixer": "^2.3",
                "phpunit/phpunit": "^6"
            },
            "type": "library",
            "autoload": {
                "psr-4": {
                    "Amp\\Socket\\": "src"
                },
                "files": [
                    "src/functions.php",
                    "src/Internal/functions.php"
                ]
            },
            "notification-url": "https://packagist.org/downloads/",
            "license": [
                "MIT"
            ],
            "authors": [
                {
                    "name": "Daniel Lowrey",
                    "email": "rdlowrey@gmail.com"
                },
                {
                    "name": "Aaron Piotrowski",
                    "email": "aaron@trowski.com"
                },
                {
                    "name": "Niklas Keller",
                    "email": "me@kelunik.com"
                }
            ],
            "description": "Async socket connection / server tools for Amp.",
            "homepage": "https://github.com/amphp/socket",
            "keywords": [
                "amp",
                "async",
                "encryption",
                "non-blocking",
                "sockets",
                "tcp",
                "tls"
            ],
            "time": "2019-11-05T22:34:12+00:00"
        },
        {
            "name": "amphp/sync",
            "version": "v1.3.0",
            "source": {
                "type": "git",
                "url": "https://github.com/amphp/sync.git",
                "reference": "512d62e83c8b8d5c848183005c70e70df2bcca55"
            },
            "dist": {
                "type": "zip",
                "url": "https://api.github.com/repos/amphp/sync/zipball/512d62e83c8b8d5c848183005c70e70df2bcca55",
                "reference": "512d62e83c8b8d5c848183005c70e70df2bcca55",
                "shasum": ""
            },
            "require": {
                "amphp/amp": "^2.2",
                "php": ">=7.1"
            },
            "require-dev": {
                "amphp/php-cs-fixer-config": "dev-master",
                "amphp/phpunit-util": "^1.1",
                "phpunit/phpunit": "^8 || ^7"
            },
            "type": "library",
            "autoload": {
                "psr-4": {
                    "Amp\\Sync\\": "src"
                },
                "files": [
                    "src/functions.php"
                ]
            },
            "notification-url": "https://packagist.org/downloads/",
            "license": [
                "MIT"
            ],
            "authors": [
                {
                    "name": "Aaron Piotrowski",
                    "email": "aaron@trowski.com"
                },
                {
                    "name": "Stephen Coakley",
                    "email": "me@stephencoakley.com"
                }
            ],
            "description": "Mutex, Semaphore, and other synchronization tools for Amp.",
            "homepage": "https://github.com/amphp/sync",
            "keywords": [
                "async",
                "asynchronous",
                "mutex",
                "semaphore",
                "synchronization"
            ],
            "time": "2019-11-08T18:42:56+00:00"
        },
        {
            "name": "amphp/uri",
            "version": "v0.1.4",
            "source": {
                "type": "git",
                "url": "https://github.com/amphp/uri.git",
                "reference": "30065946d5c69f44c8a47bf8838244029984ff61"
            },
            "dist": {
                "type": "zip",
                "url": "https://api.github.com/repos/amphp/uri/zipball/30065946d5c69f44c8a47bf8838244029984ff61",
                "reference": "30065946d5c69f44c8a47bf8838244029984ff61",
                "shasum": ""
            },
            "require-dev": {
                "friendsofphp/php-cs-fixer": "^2.3",
                "phpunit/phpunit": "^6"
            },
            "type": "library",
            "autoload": {
                "psr-4": {
                    "Amp\\Uri\\": "src"
                },
                "files": [
                    "src/functions.php"
                ]
            },
            "notification-url": "https://packagist.org/downloads/",
            "license": [
                "MIT"
            ],
            "authors": [
                {
                    "name": "Niklas Keller",
                    "email": "me@kelunik.com"
                },
                {
                    "name": "Daniel Lowrey"
                }
            ],
            "description": "Uri Parser and Resolver.",
            "homepage": "https://github.com/amphp/uri",
            "time": "2019-05-13T18:25:34+00:00"
        },
        {
            "name": "amphp/windows-registry",
            "version": "v0.3.2",
            "source": {
                "type": "git",
                "url": "https://github.com/amphp/windows-registry.git",
                "reference": "834af7a30ad7c006b0326ccd2686ddc6e6943366"
            },
            "dist": {
                "type": "zip",
                "url": "https://api.github.com/repos/amphp/windows-registry/zipball/834af7a30ad7c006b0326ccd2686ddc6e6943366",
                "reference": "834af7a30ad7c006b0326ccd2686ddc6e6943366",
                "shasum": ""
            },
            "require": {
                "amphp/amp": "^2",
                "amphp/byte-stream": "^1.4",
                "amphp/process": "^1"
            },
            "require-dev": {
                "amphp/php-cs-fixer-config": "dev-master"
            },
            "type": "library",
            "autoload": {
                "psr-4": {
                    "Amp\\WindowsRegistry\\": "lib"
                }
            },
            "notification-url": "https://packagist.org/downloads/",
            "license": [
                "MIT"
            ],
            "authors": [
                {
                    "name": "Niklas Keller",
                    "email": "me@kelunik.com"
                }
            ],
            "description": "Windows Registry Reader.",
            "time": "2018-10-24T03:34:54+00:00"
        },
        {
            "name": "daverandom/libdns",
            "version": "v2.0.2",
            "source": {
                "type": "git",
                "url": "https://github.com/DaveRandom/LibDNS.git",
                "reference": "e8b6d6593d18ac3a6a14666d8a68a4703b2e05f9"
            },
            "dist": {
                "type": "zip",
                "url": "https://api.github.com/repos/DaveRandom/LibDNS/zipball/e8b6d6593d18ac3a6a14666d8a68a4703b2e05f9",
                "reference": "e8b6d6593d18ac3a6a14666d8a68a4703b2e05f9",
                "shasum": ""
            },
            "require": {
                "ext-ctype": "*",
                "php": ">=7.0"
            },
            "suggest": {
                "ext-intl": "Required for IDN support"
            },
            "type": "library",
            "autoload": {
                "psr-4": {
                    "LibDNS\\": "src/"
                },
                "files": [
                    "src/functions.php"
                ]
            },
            "notification-url": "https://packagist.org/downloads/",
            "license": [
                "MIT"
            ],
            "description": "DNS protocol implementation written in pure PHP",
            "keywords": [
                "dns"
            ],
            "time": "2019-12-03T09:12:46+00:00"
        },
        {
            "name": "kelunik/certificate",
            "version": "v1.1.2",
            "source": {
                "type": "git",
                "url": "https://github.com/kelunik/certificate.git",
                "reference": "56542e62d51533d04d0a9713261fea546bff80f6"
            },
            "dist": {
                "type": "zip",
                "url": "https://api.github.com/repos/kelunik/certificate/zipball/56542e62d51533d04d0a9713261fea546bff80f6",
                "reference": "56542e62d51533d04d0a9713261fea546bff80f6",
                "shasum": ""
            },
            "require": {
                "ext-openssl": "*",
                "php": ">=5.4"
            },
            "require-dev": {
                "fabpot/php-cs-fixer": "^1.9",
                "phpunit/phpunit": "^4.8"
            },
            "type": "library",
            "autoload": {
                "psr-4": {
                    "Kelunik\\Certificate\\": "lib"
                }
            },
            "notification-url": "https://packagist.org/downloads/",
            "license": [
                "MIT"
            ],
            "authors": [
                {
                    "name": "Niklas Keller",
                    "email": "me@kelunik.com"
                }
            ],
            "description": "Access certificate details and transform between different formats.",
            "keywords": [
                "DER",
                "certificate",
                "certificates",
                "openssl",
                "pem",
                "x509"
            ],
            "time": "2019-05-29T19:02:31+00:00"
        }
    ],
    "packages-dev": [],
    "aliases": [],
    "minimum-stability": "stable",
    "stability-flags": [],
    "prefer-stable": false,
    "prefer-lowest": false,
    "platform": [],
    "platform-dev": []
}
